
Microsoft Visual Studio Solution File, Format Version 12.00
# Visual Studio 2013
VisualStudioVersion = 12.0.31101.0
MinimumVisualStudioVersion = 10.0.40219.1
Project("{FAE04EC0-301F-11D3-BF4B-00C04F79EFBC}") = "Devis.Model", "GPI.Devis.Model\Devis.Model.csproj", "{1E7A6791-C857-4DED-8BEC-A99D3AF9FAD8}"
EndProject
Project("{FAE04EC0-301F-11D3-BF4B-00C04F79EFBC}") = "GPI.Devis.Console", "GPI.Devis.Console\GPI.Devis.Console.csproj", "{4F723045-ABF1-4C2E-A12B-8BD582490AAF}"
EndProject
Project("{FAE04EC0-301F-11D3-BF4B-00C04F79EFBC}") = "GPI.Devis.Model.Test", "GPI.Devis.Model.Test\GPI.Devis.Model.Test.csproj", "{268AA0B4-6018-4DF5-AC28-19F4BD75A733}"
EndProject
Project("{FAE04EC0-301F-11D3-BF4B-00C04F79EFBC}") = "GPI.Devis.WPF", "GPI.Devis.WPF\GPI.Devis.WPF.csproj", "{9614635B-179C-4E0B-9CE1-5158D77649D4}"
EndProject
Global
	GlobalSection(SolutionConfigurationPlatforms) = preSolution
		Debug|Any CPU = Debug|Any CPU
		Release|Any CPU = Release|Any CPU
	EndGlobalSection
	GlobalSection(ProjectConfigurationPlatforms) = postSolution
		{1E7A6791-C857-4DED-8BEC-A99D3AF9FAD8}.Debug|Any CPU.ActiveCfg = Debug|Any CPU
		{1E7A6791-C857-4DED-8BEC-A99D3AF9FAD8}.Debug|Any CPU.Build.0 = Debug|Any CPU
		{1E7A6791-C857-4DED-8BEC-A99D3AF9FAD8}.Release|Any CPU.ActiveCfg = Release|Any CPU
		{1E7A6791-C857-4DED-8BEC-A99D3AF9FAD8}.Release|Any CPU.Build.0 = Release|Any CPU
		{4F723045-ABF1-4C2E-A12B-8BD582490AAF}.Debug|Any CPU.ActiveCfg = Debug|Any CPU
		{4F723045-ABF1-4C2E-A12B-8BD582490AAF}.Debug|Any CPU.Build.0 = Debug|Any CPU
		{4F723045-ABF1-4C2E-A12B-8BD582490AAF}.Release|Any CPU.ActiveCfg = Release|Any CPU
		{4F723045-ABF1-4C2E-A12B-8BD582490AAF}.Release|Any CPU.Build.0 = Release|Any CPU
		{268AA0B4-6018-4DF5-AC28-19F4BD75A733}.Debug|Any CPU.ActiveCfg = Debug|Any CPU
		{268AA0B4-6018-4DF5-AC28-19F4BD75A733}.Debug|Any CPU.Build.0 = Debug|Any CPU
		{268AA0B4-6018-4DF5-AC28-19F4BD75A733}.Release|Any CPU.ActiveCfg = Release|Any CPU
		{268AA0B4-6018-4DF5-AC28-19F4BD75A733}.Release|Any CPU.Build.0 = Release|Any CPU
		{9614635B-179C-4E0B-9CE1-5158D77649D4}.Debug|Any CPU.ActiveCfg = Debug|Any CPU
		{9614635B-179C-4E0B-9CE1-5158D77649D4}.Debug|Any CPU.Build.0 = Debug|Any CPU
		{9614635B-179C-4E0B-9CE1-5158D77649D4}.Release|Any CPU.ActiveCfg = Release|Any CPU
		{9614635B-179C-4E0B-9CE1-5158D77649D4}.Release|Any CPU.Build.0 = Release|Any CPU
	EndGlobalSection
	GlobalSection(SolutionProperties) = preSolution
		HideSolutionNode = FALSE
	EndGlobalSection
EndGlobal
